
Microsoft Visual Studio Solution File, Format Version 12.00
# Visual Studio 15
VisualStudioVersion = 15.0.28010.2019
MinimumVisualStudioVersion = 10.0.40219.1
Project("{9A19103F-16F7-4668-BE54-9A1E7A4F7556}") = "Project", "Project\Project.csproj", "{B9517C78-5611-4052-AB7D-43F2BB759B18}"
EndProject
Global
	GlobalSection(SolutionConfigurationPlatforms) = preSolution
		Debug|Any CPU = Debug|Any CPU
		Release|Any CPU = Release|Any CPU
	EndGlobalSection
	GlobalSection(ProjectConfigurationPlatforms) = postSolution
		{B9517C78-5611-4052-AB7D-43F2BB759B18}.Debug|Any CPU.ActiveCfg = Debug|Any CPU
		{B9517C78-5611-4052-AB7D-43F2BB759B18}.Debug|Any CPU.Build.0 = Debug|Any CPU
		{B9517C78-5611-4052-AB7D-43F2BB759B18}.Release|Any CPU.ActiveCfg = Release|Any CPU
		{B9517C78-5611-4052-AB7D-43F2BB759B18}.Release|Any CPU.Build.0 = Release|Any CPU
	EndGlobalSection
	GlobalSection(SolutionProperties) = preSolution
		HideSolutionNode = FALSE
	EndGlobalSection
	GlobalSection(ExtensibilityGlobals) = postSolution
		SolutionGuid = {B8BB864F-BBAA-469E-A465-377517ECF3D1}
	EndGlobalSection
EndGlobal
